
Microsoft Visual Studio Solution File, Format Version 12.00
# Visual Studio 15
VisualStudioVersion = 15.0.27703.2018
MinimumVisualStudioVersion = 10.0.40219.1
Project("{FAE04EC0-301F-11D3-BF4B-00C04F79EFBC}") = "Sender", "ServiceBusSenderReceiverWithRestAPI\Sender.csproj", "{071A717F-6B0B-46F4-A339-204B0A0D1D48}"
EndProject
Project("{FAE04EC0-301F-11D3-BF4B-00C04F79EFBC}") = "Receiver", "Receiver\Receiver.csproj", "{43B35EA3-6126-4396-A356-E2AB508186E7}"
EndProject
Project("{FAE04EC0-301F-11D3-BF4B-00C04F79EFBC}") = "Common", "Common\Common.csproj", "{32FD43C2-8F29-487A-BE1E-B823A832CE5F}"
EndProject
Global
	GlobalSection(SolutionConfigurationPlatforms) = preSolution
		Debug|Any CPU = Debug|Any CPU
		Release|Any CPU = Release|Any CPU
	EndGlobalSection
	GlobalSection(ProjectConfigurationPlatforms) = postSolution
		{071A717F-6B0B-46F4-A339-204B0A0D1D48}.Debug|Any CPU.ActiveCfg = Debug|Any CPU
		{071A717F-6B0B-46F4-A339-204B0A0D1D48}.Debug|Any CPU.Build.0 = Debug|Any CPU
		{071A717F-6B0B-46F4-A339-204B0A0D1D48}.Release|Any CPU.ActiveCfg = Release|Any CPU
		{071A717F-6B0B-46F4-A339-204B0A0D1D48}.Release|Any CPU.Build.0 = Release|Any CPU
		{43B35EA3-6126-4396-A356-E2AB508186E7}.Debug|Any CPU.ActiveCfg = Debug|Any CPU
		{43B35EA3-6126-4396-A356-E2AB508186E7}.Debug|Any CPU.Build.0 = Debug|Any CPU
		{43B35EA3-6126-4396-A356-E2AB508186E7}.Release|Any CPU.ActiveCfg = Release|Any CPU
		{43B35EA3-6126-4396-A356-E2AB508186E7}.Release|Any CPU.Build.0 = Release|Any CPU
		{32FD43C2-8F29-487A-BE1E-B823A832CE5F}.Debug|Any CPU.ActiveCfg = Debug|Any CPU
		{32FD43C2-8F29-487A-BE1E-B823A832CE5F}.Debug|Any CPU.Build.0 = Debug|Any CPU
		{32FD43C2-8F29-487A-BE1E-B823A832CE5F}.Release|Any CPU.ActiveCfg = Release|Any CPU
		{32FD43C2-8F29-487A-BE1E-B823A832CE5F}.Release|Any CPU.Build.0 = Release|Any CPU
	EndGlobalSection
	GlobalSection(SolutionProperties) = preSolution
		HideSolutionNode = FALSE
	EndGlobalSection
	GlobalSection(ExtensibilityGlobals) = postSolution
		SolutionGuid = {03BA1041-8573-4D50-815B-4E6C716EB71F}
	EndGlobalSection
EndGlobal
